
Microsoft Visual Studio Solution File, Format Version 12.00
# Visual Studio Version 17
VisualStudioVersion = 17.11.35303.130
MinimumVisualStudioVersion = 10.0.40219.1
Project("{FAE04EC0-301F-11D3-BF4B-00C04F79EFBC}") = "talstelsel", "talstelsel\talstelsel.csproj", "{FE476B22-EB4F-4AA0-9790-F58B6587AE73}"
EndProject
Global
	GlobalSection(SolutionConfigurationPlatforms) = preSolution
		Debug|Any CPU = Debug|Any CPU
		Release|Any CPU = Release|Any CPU
	EndGlobalSection
	GlobalSection(ProjectConfigurationPlatforms) = postSolution
		{FE476B22-EB4F-4AA0-9790-F58B6587AE73}.Debug|Any CPU.ActiveCfg = Debug|Any CPU
		{FE476B22-EB4F-4AA0-9790-F58B6587AE73}.Debug|Any CPU.Build.0 = Debug|Any CPU
		{FE476B22-EB4F-4AA0-9790-F58B6587AE73}.Release|Any CPU.ActiveCfg = Release|Any CPU
		{FE476B22-EB4F-4AA0-9790-F58B6587AE73}.Release|Any CPU.Build.0 = Release|Any CPU
	EndGlobalSection
	GlobalSection(SolutionProperties) = preSolution
		HideSolutionNode = FALSE
	EndGlobalSection
	GlobalSection(ExtensibilityGlobals) = postSolution
		SolutionGuid = {8B7D37F5-1216-46E1-B1C3-2B7AC7C54E27}
	EndGlobalSection
EndGlobal
